
Microsoft Visual Studio Solution File, Format Version 12.00
# Visual Studio Version 17
VisualStudioVersion = 17.13.35931.197
MinimumVisualStudioVersion = 10.0.40219.1
Project("{FAE04EC0-301F-11D3-BF4B-00C04F79EFBC}") = "Lab5-OwnDBWebApp", "Lab5-OwnDBWebApp.csproj", "{746FC5CC-CD48-4453-B37B-B54F793204D1}"
EndProject
Global
	GlobalSection(SolutionConfigurationPlatforms) = preSolution
		Debug|Any CPU = Debug|Any CPU
		Release|Any CPU = Release|Any CPU
	EndGlobalSection
	GlobalSection(ProjectConfigurationPlatforms) = postSolution
		{746FC5CC-CD48-4453-B37B-B54F793204D1}.Debug|Any CPU.ActiveCfg = Debug|Any CPU
		{746FC5CC-CD48-4453-B37B-B54F793204D1}.Debug|Any CPU.Build.0 = Debug|Any CPU
		{746FC5CC-CD48-4453-B37B-B54F793204D1}.Release|Any CPU.ActiveCfg = Release|Any CPU
		{746FC5CC-CD48-4453-B37B-B54F793204D1}.Release|Any CPU.Build.0 = Release|Any CPU
	EndGlobalSection
	GlobalSection(SolutionProperties) = preSolution
		HideSolutionNode = FALSE
	EndGlobalSection
	GlobalSection(ExtensibilityGlobals) = postSolution
		SolutionGuid = {E22D2E59-198F-4D37-B26E-D53475BF8C95}
	EndGlobalSection
EndGlobal
